// !$*UTF8*$!
{
	archiveVersion = 1;
	classes = {
	};
	objectVersion = 46;
	objects = {

/* Begin PBXBuildFile section */
		13280D8C1D7DFA5600ACD62B /* JDCoordinator.h in Headers */ = {isa = PBXBuildFile; fileRef = 13280D8B1D7DFA5600ACD62B /* JDCoordinator.h */; settings = {ATTRIBUTES = (Public, ); }; };
		A787012F1E479CB500718A61 /* JDCoordinator.swift in Sources */ = {isa = PBXBuildFile; fileRef = A787012A1E479CB500718A61 /* JDCoordinator.swift */; };
		A78701311E479CB500718A61 /* JDParentCoordinator.swift in Sources */ = {isa = PBXBuildFile; fileRef = A787012C1E479CB500718A61 /* JDParentCoordinator.swift */; };
		A78701331E479CB500718A61 /* JDSplitViewCoordinator.swift in Sources */ = {isa = PBXBuildFile; fileRef = A787012E1E479CB500718A61 /* JDSplitViewCoordinator.swift */; };
		A78701351E479CC500718A61 /* UINavigationController.swift in Sources */ = {isa = PBXBuildFile; fileRef = A78701341E479CC500718A61 /* UINavigationController.swift */; };
		A78701391E479D0D00718A61 /* JDParentCoordinatorProtocol.swift in Sources */ = {isa = PBXBuildFile; fileRef = A78701381E479D0D00718A61 /* JDParentCoordinatorProtocol.swift */; };
		A787013B1E47A12900718A61 /* JDBaseCoordinatorProtocol.swift in Sources */ = {isa = PBXBuildFile; fileRef = A787013A1E47A12900718A61 /* JDBaseCoordinatorProtocol.swift */; };
		A787013D1E47A37D00718A61 /* JDChildCoordinatorProtocol.swift in Sources */ = {isa = PBXBuildFile; fileRef = A787013C1E47A37D00718A61 /* JDChildCoordinatorProtocol.swift */; };
		A787013F1E47A42B00718A61 /* JDNavigationCoordinator.swift in Sources */ = {isa = PBXBuildFile; fileRef = A787013E1E47A42B00718A61 /* JDNavigationCoordinator.swift */; };
		A78701411E47AC7100718A61 /* JDAppCoordinator.swift in Sources */ = {isa = PBXBuildFile; fileRef = A78701401E47AC7100718A61 /* JDAppCoordinator.swift */; };
		A78701431E47CDF100718A61 /* JDSplitViewCoordinatorProtocol.swift in Sources */ = {isa = PBXBuildFile; fileRef = A78701421E47CDF100718A61 /* JDSplitViewCoordinatorProtocol.swift */; };
/* End PBXBuildFile section */

/* Begin PBXFileReference section */
		13280D881D7DFA5600ACD62B /* JDCoordinator.framework */ = {isa = PBXFileReference; explicitFileType = wrapper.framework; includeInIndex = 0; path = JDCoordinator.framework; sourceTree = BUILT_PRODUCTS_DIR; };
		13280D8B1D7DFA5600ACD62B /* JDCoordinator.h */ = {isa = PBXFileReference; lastKnownFileType = sourcecode.c.h; path = JDCoordinator.h; sourceTree = "<group>"; };
		13280D8D1D7DFA5600ACD62B /* Info.plist */ = {isa = PBXFileReference; lastKnownFileType = text.plist.xml; path = Info.plist; sourceTree = "<group>"; };
		A787012A1E479CB500718A61 /* JDCoordinator.swift */ = {isa = PBXFileReference; fileEncoding = 4; lastKnownFileType = sourcecode.swift; path = JDCoordinator.swift; sourceTree = "<group>"; };
		A787012C1E479CB500718A61 /* JDParentCoordinator.swift */ = {isa = PBXFileReference; fileEncoding = 4; lastKnownFileType = sourcecode.swift; path = JDParentCoordinator.swift; sourceTree = "<group>"; };
		A787012E1E479CB500718A61 /* JDSplitViewCoordinator.swift */ = {isa = PBXFileReference; fileEncoding = 4; lastKnownFileType = sourcecode.swift; path = JDSplitViewCoordinator.swift; sourceTree = "<group>"; };
		A78701341E479CC500718A61 /* UINavigationController.swift */ = {isa = PBXFileReference; fileEncoding = 4; lastKnownFileType = sourcecode.swift; path = UINavigationController.swift; sourceTree = "<group>"; };
		A78701381E479D0D00718A61 /* JDParentCoordinatorProtocol.swift */ = {isa = PBXFileReference; fileEncoding = 4; lastKnownFileType = sourcecode.swift; path = JDParentCoordinatorProtocol.swift; sourceTree = "<group>"; };
		A787013A1E47A12900718A61 /* JDBaseCoordinatorProtocol.swift */ = {isa = PBXFileReference; fileEncoding = 4; lastKnownFileType = sourcecode.swift; path = JDBaseCoordinatorProtocol.swift; sourceTree = "<group>"; };
		A787013C1E47A37D00718A61 /* JDChildCoordinatorProtocol.swift */ = {isa = PBXFileReference; fileEncoding = 4; lastKnownFileType = sourcecode.swift; path = JDChildCoordinatorProtocol.swift; sourceTree = "<group>"; };
		A787013E1E47A42B00718A61 /* JDNavigationCoordinator.swift */ = {isa = PBXFileReference; fileEncoding = 4; lastKnownFileType = sourcecode.swift; path = JDNavigationCoordinator.swift; sourceTree = "<group>"; };
		A78701401E47AC7100718A61 /* JDAppCoordinator.swift */ = {isa = PBXFileReference; fileEncoding = 4; lastKnownFileType = sourcecode.swift; path = JDAppCoordinator.swift; sourceTree = "<group>"; };
		A78701421E47CDF100718A61 /* JDSplitViewCoordinatorProtocol.swift */ = {isa = PBXFileReference; fileEncoding = 4; lastKnownFileType = sourcecode.swift; path = JDSplitViewCoordinatorProtocol.swift; sourceTree = "<group>"; };
/* End PBXFileReference section */

/* Begin PBXFrameworksBuildPhase section */
		13280D841D7DFA5600ACD62B /* Frameworks */ = {
			isa = PBXFrameworksBuildPhase;
			buildActionMask = 2147483647;
			files = (
			);
			runOnlyForDeploymentPostprocessing = 0;
		};
/* End PBXFrameworksBuildPhase section */

/* Begin PBXGroup section */
		13280D7E1D7DFA5600ACD62B = {
			isa = PBXGroup;
			children = (
				13280D8A1D7DFA5600ACD62B /* JDCoordinator */,
				13280D891D7DFA5600ACD62B /* Products */,
			);
			sourceTree = "<group>";
		};
		13280D891D7DFA5600ACD62B /* Products */ = {
			isa = PBXGroup;
			children = (
				13280D881D7DFA5600ACD62B /* JDCoordinator.framework */,
			);
			name = Products;
			sourceTree = "<group>";
		};
		13280D8A1D7DFA5600ACD62B /* JDCoordinator */ = {
			isa = PBXGroup;
			children = (
				A78701271E479C8B00718A61 /* Classes */,
				A78701281E479C9900718A61 /* Extensions */,
				A78701291E479C9F00718A61 /* Protocols */,
				13280D8B1D7DFA5600ACD62B /* JDCoordinator.h */,
				13280D8D1D7DFA5600ACD62B /* Info.plist */,
			);
			path = JDCoordinator;
			sourceTree = "<group>";
		};
		A78701271E479C8B00718A61 /* Classes */ = {
			isa = PBXGroup;
			children = (
				A78701401E47AC7100718A61 /* JDAppCoordinator.swift */,
				A787012A1E479CB500718A61 /* JDCoordinator.swift */,
				A787012C1E479CB500718A61 /* JDParentCoordinator.swift */,
				A787012E1E479CB500718A61 /* JDSplitViewCoordinator.swift */,
			);
			path = Classes;
			sourceTree = "<group>";
		};
		A78701281E479C9900718A61 /* Extensions */ = {
			isa = PBXGroup;
			children = (
				A78701341E479CC500718A61 /* UINavigationController.swift */,
			);
			path = Extensions;
			sourceTree = "<group>";
		};
		A78701291E479C9F00718A61 /* Protocols */ = {
			isa = PBXGroup;
			children = (
				A787013A1E47A12900718A61 /* JDBaseCoordinatorProtocol.swift */,
				A787013E1E47A42B00718A61 /* JDNavigationCoordinator.swift */,
				A787013C1E47A37D00718A61 /* JDChildCoordinatorProtocol.swift */,
				A78701381E479D0D00718A61 /* JDParentCoordinatorProtocol.swift */,
				A78701421E47CDF100718A61 /* JDSplitViewCoordinatorProtocol.swift */,
			);
			path = Protocols;
			sourceTree = "<group>";
		};
/* End PBXGroup section */

/* Begin PBXHeadersBuildPhase section */
		13280D851D7DFA5600ACD62B /* Headers */ = {
			isa = PBXHeadersBuildPhase;
			buildActionMask = 2147483647;
			files = (
				13280D8C1D7DFA5600ACD62B /* JDCoordinator.h in Headers */,
			);
			runOnlyForDeploymentPostprocessing = 0;
		};
/* End PBXHeadersBuildPhase section */

/* Begin PBXNativeTarget section */
		13280D871D7DFA5600ACD62B /* JDCoordinator */ = {
			isa = PBXNativeTarget;
			buildConfigurationList = 13280D901D7DFA5600ACD62B /* Build configuration list for PBXNativeTarget "JDCoordinator" */;
			buildPhases = (
				A78701261E479BF600718A61 /* SwiftFormat */,
				13280D831D7DFA5600ACD62B /* Sources */,
				13280D841D7DFA5600ACD62B /* Frameworks */,
				13280D851D7DFA5600ACD62B /* Headers */,
				13280D861D7DFA5600ACD62B /* Resources */,
			);
			buildRules = (
			);
			dependencies = (
			);
			name = JDCoordinator;
			productName = JDCoordinator;
			productReference = 13280D881D7DFA5600ACD62B /* JDCoordinator.framework */;
			productType = "com.apple.product-type.framework";
		};
/* End PBXNativeTarget section */

/* Begin PBXProject section */
		13280D7F1D7DFA5600ACD62B /* Project object */ = {
			isa = PBXProject;
			attributes = {
				LastUpgradeCheck = 0820;
				ORGANIZATIONNAME = "Jan Dammshäuser";
				TargetAttributes = {
					13280D871D7DFA5600ACD62B = {
						CreatedOnToolsVersion = 7.3.1;
						LastSwiftMigration = 0820;
					};
				};
			};
			buildConfigurationList = 13280D821D7DFA5600ACD62B /* Build configuration list for PBXProject "JDCoordinator" */;
			compatibilityVersion = "Xcode 3.2";
			developmentRegion = English;
			hasScannedForEncodings = 0;
			knownRegions = (
				en,
			);
			mainGroup = 13280D7E1D7DFA5600ACD62B;
			productRefGroup = 13280D891D7DFA5600ACD62B /* Products */;
			projectDirPath = "";
			projectRoot = "";
			targets = (
				13280D871D7DFA5600ACD62B /* JDCoordinator */,
			);
		};
/* End PBXProject section */

/* Begin PBXResourcesBuildPhase section */
		13280D861D7DFA5600ACD62B /* Resources */ = {
			isa = PBXResourcesBuildPhase;
			buildActionMask = 2147483647;
			files = (
			);
			runOnlyForDeploymentPostprocessing = 0;
		};
/* End PBXResourcesBuildPhase section */

/* Begin PBXShellScriptBuildPhase section */
		A78701261E479BF600718A61 /* SwiftFormat */ = {
			isa = PBXShellScriptBuildPhase;
			buildActionMask = 2147483647;
			files = (
			);
			inputPaths = (
			);
			name = SwiftFormat;
			outputPaths = (
			);
			runOnlyForDeploymentPostprocessing = 0;
			shellPath = /bin/sh;
			shellScript = "${SRCROOT}/SwiftFormat JDCoordinator --semicolons \"never\" --commas \"false\"";
		};
/* End PBXShellScriptBuildPhase section */

/* Begin PBXSourcesBuildPhase section */
		13280D831D7DFA5600ACD62B /* Sources */ = {
			isa = PBXSourcesBuildPhase;
			buildActionMask = 2147483647;
			files = (
				A787012F1E479CB500718A61 /* JDCoordinator.swift in Sources */,
				A78701311E479CB500718A61 /* JDParentCoordinator.swift in Sources */,
				A787013B1E47A12900718A61 /* JDBaseCoordinatorProtocol.swift in Sources */,
				A78701411E47AC7100718A61 /* JDAppCoordinator.swift in Sources */,
				A78701431E47CDF100718A61 /* JDSplitViewCoordinatorProtocol.swift in Sources */,
				A78701351E479CC500718A61 /* UINavigationController.swift in Sources */,
				A78701391E479D0D00718A61 /* JDParentCoordinatorProtocol.swift in Sources */,
				A787013D1E47A37D00718A61 /* JDChildCoordinatorProtocol.swift in Sources */,
				A78701331E479CB500718A61 /* JDSplitViewCoordinator.swift in Sources */,
				A787013F1E47A42B00718A61 /* JDNavigationCoordinator.swift in Sources */,
			);
			runOnlyForDeploymentPostprocessing = 0;
		};
/* End PBXSourcesBuildPhase section */

/* Begin XCBuildConfiguration section */
		13280D8E1D7DFA5600ACD62B /* Debug */ = {
			isa = XCBuildConfiguration;
			buildSettings = {
				ALWAYS_SEARCH_USER_PATHS = NO;
				CLANG_ANALYZER_NONNULL = YES;
				CLANG_CXX_LANGUAGE_STANDARD = "gnu++0x";
				CLANG_CXX_LIBRARY = "libc++";
				CLANG_ENABLE_MODULES = YES;
				CLANG_ENABLE_OBJC_ARC = YES;
				CLANG_WARN_BOOL_CONVERSION = YES;
				CLANG_WARN_CONSTANT_CONVERSION = YES;
				CLANG_WARN_DIRECT_OBJC_ISA_USAGE = YES_ERROR;
				CLANG_WARN_EMPTY_BODY = YES;
				CLANG_WARN_ENUM_CONVERSION = YES;
				CLANG_WARN_INFINITE_RECURSION = YES;
				CLANG_WARN_INT_CONVERSION = YES;
				CLANG_WARN_OBJC_ROOT_CLASS = YES_ERROR;
				CLANG_WARN_SUSPICIOUS_MOVE = YES;
				CLANG_WARN_UNREACHABLE_CODE = YES;
				CLANG_WARN__DUPLICATE_METHOD_MATCH = YES;
				"CODE_SIGN_IDENTITY[sdk=iphoneos*]" = "iPhone Developer";
				COPY_PHASE_STRIP = NO;
				CURRENT_PROJECT_VERSION = 1;
				DEBUG_INFORMATION_FORMAT = dwarf;
				ENABLE_STRICT_OBJC_MSGSEND = YES;
				ENABLE_TESTABILITY = YES;
				GCC_C_LANGUAGE_STANDARD = gnu99;
				GCC_DYNAMIC_NO_PIC = NO;
				GCC_NO_COMMON_BLOCKS = YES;
				GCC_OPTIMIZATION_LEVEL = 0;
				GCC_PREPROCESSOR_DEFINITIONS = (
					"DEBUG=1",
					"$(inherited)",
				);
				GCC_WARN_64_TO_32_BIT_CONVERSION = YES;
				GCC_WARN_ABOUT_RETURN_TYPE = YES_ERROR;
				GCC_WARN_UNDECLARED_SELECTOR = YES;
				GCC_WARN_UNINITIALIZED_AUTOS = YES_AGGRESSIVE;
				GCC_WARN_UNUSED_FUNCTION = YES;
				GCC_WARN_UNUSED_VARIABLE = YES;
				IPHONEOS_DEPLOYMENT_TARGET = 9.0;
				MTL_ENABLE_DEBUG_INFO = YES;
				ONLY_ACTIVE_ARCH = YES;
				SDKROOT = iphoneos;
				SWIFT_OPTIMIZATION_LEVEL = "-Onone";
				TARGETED_DEVICE_FAMILY = "1,2";
				VERSIONING_SYSTEM = "apple-generic";
				VERSION_INFO_PREFIX = "";
			};
			name = Debug;
		};
		13280D8F1D7DFA5600ACD62B /* Release */ = {
			isa = XCBuildConfiguration;
			buildSettings = {
				ALWAYS_SEARCH_USER_PATHS = NO;
				CLANG_ANALYZER_NONNULL = YES;
				CLANG_CXX_LANGUAGE_STANDARD = "gnu++0x";
				CLANG_CXX_LIBRARY = "libc++";
				CLANG_ENABLE_MODULES = YES;
				CLANG_ENABLE_OBJC_ARC = YES;
				CLANG_WARN_BOOL_CONVERSION = YES;
				CLANG_WARN_CONSTANT_CONVERSION = YES;
				CLANG_WARN_DIRECT_OBJC_ISA_USAGE = YES_ERROR;
				CLANG_WARN_EMPTY_BODY = YES;
				CLANG_WARN_ENUM_CONVERSION = YES;
				CLANG_WARN_INFINITE_RECURSION = YES;
				CLANG_WARN_INT_CONVERSION = YES;
				CLANG_WARN_OBJC_ROOT_CLASS = YES_ERROR;
				CLANG_WARN_SUSPICIOUS_MOVE = YES;
				CLANG_WARN_UNREACHABLE_CODE = YES;
				CLANG_WARN__DUPLICATE_METHOD_MATCH = YES;
				"CODE_SIGN_IDENTITY[sdk=iphoneos*]" = "iPhone Developer";
				COPY_PHASE_STRIP = NO;
				CURRENT_PROJECT_VERSION = 1;
				DEBUG_INFORMATION_FORMAT = "dwarf-with-dsym";
				ENABLE_NS_ASSERTIONS = NO;
				ENABLE_STRICT_OBJC_MSGSEND = YES;
				GCC_C_LANGUAGE_STANDARD = gnu99;
				GCC_NO_COMMON_BLOCKS = YES;
				GCC_WARN_64_TO_32_BIT_CONVERSION = YES;
				GCC_WARN_ABOUT_RETURN_TYPE = YES_ERROR;
				GCC_WARN_UNDECLARED_SELECTOR = YES;
				GCC_WARN_UNINITIALIZED_AUTOS = YES_AGGRESSIVE;
				GCC_WARN_UNUSED_FUNCTION = YES;
				GCC_WARN_UNUSED_VARIABLE = YES;
				IPHONEOS_DEPLOYMENT_TARGET = 9.0;
				MTL_ENABLE_DEBUG_INFO = NO;
				SDKROOT = iphoneos;
				SWIFT_OPTIMIZATION_LEVEL = "-Owholemodule";
				TARGETED_DEVICE_FAMILY = "1,2";
				VALIDATE_PRODUCT = YES;
				VERSIONING_SYSTEM = "apple-generic";
				VERSION_INFO_PREFIX = "";
			};
			name = Release;
		};
		13280D911D7DFA5600ACD62B /* Debug */ = {
			isa = XCBuildConfiguration;
			buildSettings = {
				CLANG_ENABLE_MODULES = YES;
				"CODE_SIGN_IDENTITY[sdk=iphoneos*]" = "";
				DEFINES_MODULE = YES;
				DYLIB_COMPATIBILITY_VERSION = 1;
				DYLIB_CURRENT_VERSION = 1;
				DYLIB_INSTALL_NAME_BASE = "@rpath";
				INFOPLIST_FILE = JDCoordinator/Info.plist;
				INSTALL_PATH = "$(LOCAL_LIBRARY_DIR)/Frameworks";
				IPHONEOS_DEPLOYMENT_TARGET = 8.0;
				LD_RUNPATH_SEARCH_PATHS = "$(inherited) @executable_path/Frameworks @loader_path/Frameworks";
				PRODUCT_BUNDLE_IDENTIFIER = de.jandamm.JDCoordinator;
				PRODUCT_NAME = "$(TARGET_NAME)";
				SKIP_INSTALL = YES;
				SWIFT_OPTIMIZATION_LEVEL = "-Onone";
				SWIFT_VERSION = 3.0;
			};
			name = Debug;
		};
		13280D921D7DFA5600ACD62B /* Release */ = {
			isa = XCBuildConfiguration;
			buildSettings = {
				CLANG_ENABLE_MODULES = YES;
				"CODE_SIGN_IDENTITY[sdk=iphoneos*]" = "";
				DEFINES_MODULE = YES;
				DYLIB_COMPATIBILITY_VERSION = 1;
				DYLIB_CURRENT_VERSION = 1;
				DYLIB_INSTALL_NAME_BASE = "@rpath";
				INFOPLIST_FILE = JDCoordinator/Info.plist;
				INSTALL_PATH = "$(LOCAL_LIBRARY_DIR)/Frameworks";
				IPHONEOS_DEPLOYMENT_TARGET = 8.0;
				LD_RUNPATH_SEARCH_PATHS = "$(inherited) @executable_path/Frameworks @loader_path/Frameworks";
				PRODUCT_BUNDLE_IDENTIFIER = de.jandamm.JDCoordinator;
				PRODUCT_NAME = "$(TARGET_NAME)";
				SKIP_INSTALL = YES;
				SWIFT_VERSION = 3.0;
			};
			name = Release;
		};
/* End XCBuildConfiguration section */

/* Begin XCConfigurationList section */
		13280D821D7DFA5600ACD62B /* Build configuration list for PBXProject "JDCoordinator" */ = {
			isa = XCConfigurationList;
			buildConfigurations = (
				13280D8E1D7DFA5600ACD62B /* Debug */,
				13280D8F1D7DFA5600ACD62B /* Release */,
			);
			defaultConfigurationIsVisible = 0;
			defaultConfigurationName = Release;
		};
		13280D901D7DFA5600ACD62B /* Build configuration list for PBXNativeTarget "JDCoordinator" */ = {
			isa = XCConfigurationList;
			buildConfigurations = (
				13280D911D7DFA5600ACD62B /* Debug */,
				13280D921D7DFA5600ACD62B /* Release */,
			);
			defaultConfigurationIsVisible = 0;
			defaultConfigurationName = Release;
		};
/* End XCConfigurationList section */
	};
	rootObject = 13280D7F1D7DFA5600ACD62B /* Project object */;
}
