// !$*UTF8*$!
{
	archiveVersion = 1;
	classes = {
	};
	objectVersion = 46;
	objects = {

/* Begin PBXBuildFile section */
		0B9AECC41E0812E400CC8F49 /* DetailViewController.swift in Sources */ = {isa = PBXBuildFile; fileRef = 0B9AECC21E0812E400CC8F49 /* DetailViewController.swift */; };
		0B9AECC51E0812E400CC8F49 /* DetailViewController.xib in Resources */ = {isa = PBXBuildFile; fileRef = 0B9AECC31E0812E400CC8F49 /* DetailViewController.xib */; };
		0B9AECC71E0814BF00CC8F49 /* SplitViewCoordinator.swift in Sources */ = {isa = PBXBuildFile; fileRef = 0B9AECC61E0814BF00CC8F49 /* SplitViewCoordinator.swift */; };
		0B9AECC91E08162100CC8F49 /* DetailCoordinator.swift in Sources */ = {isa = PBXBuildFile; fileRef = 0B9AECC81E08162100CC8F49 /* DetailCoordinator.swift */; };
		13280DA61D7DFD8300ACD62B /* AppDelegate.swift in Sources */ = {isa = PBXBuildFile; fileRef = 13280DA51D7DFD8300ACD62B /* AppDelegate.swift */; };
		13280DAD1D7DFD8300ACD62B /* Assets.xcassets in Resources */ = {isa = PBXBuildFile; fileRef = 13280DAC1D7DFD8300ACD62B /* Assets.xcassets */; };
		13280DB01D7DFD8300ACD62B /* LaunchScreen.storyboard in Resources */ = {isa = PBXBuildFile; fileRef = 13280DAE1D7DFD8300ACD62B /* LaunchScreen.storyboard */; };
		133460331E16E167004CE124 /* MasterCoordinator.swift in Sources */ = {isa = PBXBuildFile; fileRef = 133460321E16E167004CE124 /* MasterCoordinator.swift */; };
		133460361E16E172004CE124 /* MasterViewController.swift in Sources */ = {isa = PBXBuildFile; fileRef = 133460341E16E172004CE124 /* MasterViewController.swift */; };
		133460371E16E172004CE124 /* SubDetailViewController.swift in Sources */ = {isa = PBXBuildFile; fileRef = 133460351E16E172004CE124 /* SubDetailViewController.swift */; };
		1334603A1E16E180004CE124 /* MasterViewController.xib in Resources */ = {isa = PBXBuildFile; fileRef = 133460381E16E180004CE124 /* MasterViewController.xib */; };
		1334603B1E16E180004CE124 /* SubDetailViewController.xib in Resources */ = {isa = PBXBuildFile; fileRef = 133460391E16E180004CE124 /* SubDetailViewController.xib */; };
		13D9A7681D99885600844A1A /* JDCoordinator.framework in Frameworks */ = {isa = PBXBuildFile; fileRef = 13D9A7671D99885600844A1A /* JDCoordinator.framework */; };
		13DFB0F71D7DFE7E002D55D7 /* AppCoordinator.swift in Sources */ = {isa = PBXBuildFile; fileRef = 13DFB0F61D7DFE7E002D55D7 /* AppCoordinator.swift */; };
		13DFB0FA1D7DFEFE002D55D7 /* MainVC.swift in Sources */ = {isa = PBXBuildFile; fileRef = 13DFB0F81D7DFEFE002D55D7 /* MainVC.swift */; };
		13DFB0FB1D7DFEFE002D55D7 /* MainVC.xib in Resources */ = {isa = PBXBuildFile; fileRef = 13DFB0F91D7DFEFE002D55D7 /* MainVC.xib */; };
		13DFB0FE1D7DFFD7002D55D7 /* IntroVC.swift in Sources */ = {isa = PBXBuildFile; fileRef = 13DFB0FC1D7DFFD7002D55D7 /* IntroVC.swift */; };
		13DFB0FF1D7DFFD7002D55D7 /* IntroVC.xib in Resources */ = {isa = PBXBuildFile; fileRef = 13DFB0FD1D7DFFD7002D55D7 /* IntroVC.xib */; };
		13DFB1011D7E01B6002D55D7 /* MainCoordinator.swift in Sources */ = {isa = PBXBuildFile; fileRef = 13DFB1001D7E01B6002D55D7 /* MainCoordinator.swift */; };
/* End PBXBuildFile section */

/* Begin PBXCopyFilesBuildPhase section */
		13DFB0F51D7DFE03002D55D7 /* Embed Frameworks */ = {
			isa = PBXCopyFilesBuildPhase;
			buildActionMask = 2147483647;
			dstPath = "";
			dstSubfolderSpec = 10;
			files = (
			);
			name = "Embed Frameworks";
			runOnlyForDeploymentPostprocessing = 0;
		};
/* End PBXCopyFilesBuildPhase section */

/* Begin PBXFileReference section */
		0B9AECC21E0812E400CC8F49 /* DetailViewController.swift */ = {isa = PBXFileReference; fileEncoding = 4; lastKnownFileType = sourcecode.swift; path = DetailViewController.swift; sourceTree = "<group>"; };
		0B9AECC31E0812E400CC8F49 /* DetailViewController.xib */ = {isa = PBXFileReference; fileEncoding = 4; lastKnownFileType = file.xib; path = DetailViewController.xib; sourceTree = "<group>"; };
		0B9AECC61E0814BF00CC8F49 /* SplitViewCoordinator.swift */ = {isa = PBXFileReference; fileEncoding = 4; lastKnownFileType = sourcecode.swift; path = SplitViewCoordinator.swift; sourceTree = "<group>"; };
		0B9AECC81E08162100CC8F49 /* DetailCoordinator.swift */ = {isa = PBXFileReference; fileEncoding = 4; lastKnownFileType = sourcecode.swift; path = DetailCoordinator.swift; sourceTree = "<group>"; };
		13280DA21D7DFD8300ACD62B /* Demo.app */ = {isa = PBXFileReference; explicitFileType = wrapper.application; includeInIndex = 0; path = Demo.app; sourceTree = BUILT_PRODUCTS_DIR; };
		13280DA51D7DFD8300ACD62B /* AppDelegate.swift */ = {isa = PBXFileReference; lastKnownFileType = sourcecode.swift; path = AppDelegate.swift; sourceTree = "<group>"; };
		13280DAC1D7DFD8300ACD62B /* Assets.xcassets */ = {isa = PBXFileReference; lastKnownFileType = folder.assetcatalog; path = Assets.xcassets; sourceTree = "<group>"; };
		13280DAF1D7DFD8300ACD62B /* Base */ = {isa = PBXFileReference; lastKnownFileType = file.storyboard; name = Base; path = Base.lproj/LaunchScreen.storyboard; sourceTree = "<group>"; };
		13280DB11D7DFD8300ACD62B /* Info.plist */ = {isa = PBXFileReference; lastKnownFileType = text.plist.xml; path = Info.plist; sourceTree = "<group>"; };
		133460321E16E167004CE124 /* MasterCoordinator.swift */ = {isa = PBXFileReference; fileEncoding = 4; lastKnownFileType = sourcecode.swift; path = MasterCoordinator.swift; sourceTree = "<group>"; };
		133460341E16E172004CE124 /* MasterViewController.swift */ = {isa = PBXFileReference; fileEncoding = 4; lastKnownFileType = sourcecode.swift; path = MasterViewController.swift; sourceTree = "<group>"; };
		133460351E16E172004CE124 /* SubDetailViewController.swift */ = {isa = PBXFileReference; fileEncoding = 4; lastKnownFileType = sourcecode.swift; path = SubDetailViewController.swift; sourceTree = "<group>"; };
		133460381E16E180004CE124 /* MasterViewController.xib */ = {isa = PBXFileReference; fileEncoding = 4; lastKnownFileType = file.xib; path = MasterViewController.xib; sourceTree = "<group>"; };
		133460391E16E180004CE124 /* SubDetailViewController.xib */ = {isa = PBXFileReference; fileEncoding = 4; lastKnownFileType = file.xib; path = SubDetailViewController.xib; sourceTree = "<group>"; };
		13D9A7671D99885600844A1A /* JDCoordinator.framework */ = {isa = PBXFileReference; lastKnownFileType = wrapper.framework; name = JDCoordinator.framework; path = "../Debug-iphonesimulator/JDCoordinator.framework"; sourceTree = BUILT_PRODUCTS_DIR; };
		13DFB0F61D7DFE7E002D55D7 /* AppCoordinator.swift */ = {isa = PBXFileReference; fileEncoding = 4; lastKnownFileType = sourcecode.swift; path = AppCoordinator.swift; sourceTree = "<group>"; };
		13DFB0F81D7DFEFE002D55D7 /* MainVC.swift */ = {isa = PBXFileReference; fileEncoding = 4; lastKnownFileType = sourcecode.swift; path = MainVC.swift; sourceTree = "<group>"; };
		13DFB0F91D7DFEFE002D55D7 /* MainVC.xib */ = {isa = PBXFileReference; fileEncoding = 4; lastKnownFileType = file.xib; path = MainVC.xib; sourceTree = "<group>"; };
		13DFB0FC1D7DFFD7002D55D7 /* IntroVC.swift */ = {isa = PBXFileReference; fileEncoding = 4; lastKnownFileType = sourcecode.swift; path = IntroVC.swift; sourceTree = "<group>"; };
		13DFB0FD1D7DFFD7002D55D7 /* IntroVC.xib */ = {isa = PBXFileReference; fileEncoding = 4; lastKnownFileType = file.xib; path = IntroVC.xib; sourceTree = "<group>"; };
		13DFB1001D7E01B6002D55D7 /* MainCoordinator.swift */ = {isa = PBXFileReference; fileEncoding = 4; lastKnownFileType = sourcecode.swift; path = MainCoordinator.swift; sourceTree = "<group>"; };
/* End PBXFileReference section */

/* Begin PBXFrameworksBuildPhase section */
		13280D9F1D7DFD8300ACD62B /* Frameworks */ = {
			isa = PBXFrameworksBuildPhase;
			buildActionMask = 2147483647;
			files = (
				13D9A7681D99885600844A1A /* JDCoordinator.framework in Frameworks */,
			);
			runOnlyForDeploymentPostprocessing = 0;
		};
/* End PBXFrameworksBuildPhase section */

/* Begin PBXGroup section */
		13280D991D7DFD8300ACD62B = {
			isa = PBXGroup;
			children = (
				13280DA41D7DFD8300ACD62B /* Demo */,
				13280DA31D7DFD8300ACD62B /* Products */,
				13D9A7661D99885600844A1A /* Frameworks */,
			);
			sourceTree = "<group>";
		};
		13280DA31D7DFD8300ACD62B /* Products */ = {
			isa = PBXGroup;
			children = (
				13280DA21D7DFD8300ACD62B /* Demo.app */,
			);
			name = Products;
			sourceTree = "<group>";
		};
		13280DA41D7DFD8300ACD62B /* Demo */ = {
			isa = PBXGroup;
			children = (
				13DFB1021D7E03EE002D55D7 /* Coordinator */,
				13DFB1031D7E03FB002D55D7 /* Controller */,
				13DFB1041D7E0404002D55D7 /* View */,
				13280DA51D7DFD8300ACD62B /* AppDelegate.swift */,
				13280DAC1D7DFD8300ACD62B /* Assets.xcassets */,
				13280DAE1D7DFD8300ACD62B /* LaunchScreen.storyboard */,
				13280DB11D7DFD8300ACD62B /* Info.plist */,
			);
			path = Demo;
			sourceTree = "<group>";
		};
		13D9A7661D99885600844A1A /* Frameworks */ = {
			isa = PBXGroup;
			children = (
				13D9A7671D99885600844A1A /* JDCoordinator.framework */,
			);
			name = Frameworks;
			sourceTree = "<group>";
		};
		13DFB1021D7E03EE002D55D7 /* Coordinator */ = {
			isa = PBXGroup;
			children = (
				13DFB0F61D7DFE7E002D55D7 /* AppCoordinator.swift */,
				0B9AECC61E0814BF00CC8F49 /* SplitViewCoordinator.swift */,
				13DFB1001D7E01B6002D55D7 /* MainCoordinator.swift */,
				133460321E16E167004CE124 /* MasterCoordinator.swift */,
				0B9AECC81E08162100CC8F49 /* DetailCoordinator.swift */,
			);
			name = Coordinator;
			sourceTree = "<group>";
		};
		13DFB1031D7E03FB002D55D7 /* Controller */ = {
			isa = PBXGroup;
			children = (
				133460341E16E172004CE124 /* MasterViewController.swift */,
				133460351E16E172004CE124 /* SubDetailViewController.swift */,
				13DFB0F81D7DFEFE002D55D7 /* MainVC.swift */,
				13DFB0FC1D7DFFD7002D55D7 /* IntroVC.swift */,
				0B9AECC21E0812E400CC8F49 /* DetailViewController.swift */,
			);
			name = Controller;
			sourceTree = "<group>";
		};
		13DFB1041D7E0404002D55D7 /* View */ = {
			isa = PBXGroup;
			children = (
				133460381E16E180004CE124 /* MasterViewController.xib */,
				133460391E16E180004CE124 /* SubDetailViewController.xib */,
				13DFB0F91D7DFEFE002D55D7 /* MainVC.xib */,
				13DFB0FD1D7DFFD7002D55D7 /* IntroVC.xib */,
				0B9AECC31E0812E400CC8F49 /* DetailViewController.xib */,
			);
			name = View;
			sourceTree = "<group>";
		};
/* End PBXGroup section */

/* Begin PBXNativeTarget section */
		13280DA11D7DFD8300ACD62B /* Demo */ = {
			isa = PBXNativeTarget;
			buildConfigurationList = 13280DB41D7DFD8300ACD62B /* Build configuration list for PBXNativeTarget "Demo" */;
			buildPhases = (
				13280D9E1D7DFD8300ACD62B /* Sources */,
				13280D9F1D7DFD8300ACD62B /* Frameworks */,
				13280DA01D7DFD8300ACD62B /* Resources */,
				13DFB0F51D7DFE03002D55D7 /* Embed Frameworks */,
			);
			buildRules = (
			);
			dependencies = (
			);
			name = Demo;
			productName = Demo;
			productReference = 13280DA21D7DFD8300ACD62B /* Demo.app */;
			productType = "com.apple.product-type.application";
		};
/* End PBXNativeTarget section */

/* Begin PBXProject section */
		13280D9A1D7DFD8300ACD62B /* Project object */ = {
			isa = PBXProject;
			attributes = {
				LastSwiftUpdateCheck = 0730;
				LastUpgradeCheck = 0800;
				ORGANIZATIONNAME = "Jan Dammshäuser";
				TargetAttributes = {
					13280DA11D7DFD8300ACD62B = {
						CreatedOnToolsVersion = 7.3.1;
						LastSwiftMigration = 0800;
					};
				};
			};
			buildConfigurationList = 13280D9D1D7DFD8300ACD62B /* Build configuration list for PBXProject "Demo" */;
			compatibilityVersion = "Xcode 3.2";
			developmentRegion = English;
			hasScannedForEncodings = 0;
			knownRegions = (
				en,
				Base,
			);
			mainGroup = 13280D991D7DFD8300ACD62B;
			productRefGroup = 13280DA31D7DFD8300ACD62B /* Products */;
			projectDirPath = "";
			projectRoot = "";
			targets = (
				13280DA11D7DFD8300ACD62B /* Demo */,
			);
		};
/* End PBXProject section */

/* Begin PBXResourcesBuildPhase section */
		13280DA01D7DFD8300ACD62B /* Resources */ = {
			isa = PBXResourcesBuildPhase;
			buildActionMask = 2147483647;
			files = (
				13DFB0FB1D7DFEFE002D55D7 /* MainVC.xib in Resources */,
				13DFB0FF1D7DFFD7002D55D7 /* IntroVC.xib in Resources */,
				1334603A1E16E180004CE124 /* MasterViewController.xib in Resources */,
				0B9AECC51E0812E400CC8F49 /* DetailViewController.xib in Resources */,
				1334603B1E16E180004CE124 /* SubDetailViewController.xib in Resources */,
				13280DB01D7DFD8300ACD62B /* LaunchScreen.storyboard in Resources */,
				13280DAD1D7DFD8300ACD62B /* Assets.xcassets in Resources */,
			);
			runOnlyForDeploymentPostprocessing = 0;
		};
/* End PBXResourcesBuildPhase section */

/* Begin PBXSourcesBuildPhase section */
		13280D9E1D7DFD8300ACD62B /* Sources */ = {
			isa = PBXSourcesBuildPhase;
			buildActionMask = 2147483647;
			files = (
				133460361E16E172004CE124 /* MasterViewController.swift in Sources */,
				0B9AECC71E0814BF00CC8F49 /* SplitViewCoordinator.swift in Sources */,
				0B9AECC91E08162100CC8F49 /* DetailCoordinator.swift in Sources */,
				13DFB0F71D7DFE7E002D55D7 /* AppCoordinator.swift in Sources */,
				13DFB0FE1D7DFFD7002D55D7 /* IntroVC.swift in Sources */,
				13DFB0FA1D7DFEFE002D55D7 /* MainVC.swift in Sources */,
				0B9AECC41E0812E400CC8F49 /* DetailViewController.swift in Sources */,
				133460371E16E172004CE124 /* SubDetailViewController.swift in Sources */,
				13DFB1011D7E01B6002D55D7 /* MainCoordinator.swift in Sources */,
				133460331E16E167004CE124 /* MasterCoordinator.swift in Sources */,
				13280DA61D7DFD8300ACD62B /* AppDelegate.swift in Sources */,
			);
			runOnlyForDeploymentPostprocessing = 0;
		};
/* End PBXSourcesBuildPhase section */

/* Begin PBXVariantGroup section */
		13280DAE1D7DFD8300ACD62B /* LaunchScreen.storyboard */ = {
			isa = PBXVariantGroup;
			children = (
				13280DAF1D7DFD8300ACD62B /* Base */,
			);
			name = LaunchScreen.storyboard;
			sourceTree = "<group>";
		};
/* End PBXVariantGroup section */

/* Begin XCBuildConfiguration section */
		13280DB21D7DFD8300ACD62B /* Debug */ = {
			isa = XCBuildConfiguration;
			buildSettings = {
				ALWAYS_SEARCH_USER_PATHS = NO;
				CLANG_ANALYZER_NONNULL = YES;
				CLANG_CXX_LANGUAGE_STANDARD = "gnu++0x";
				CLANG_CXX_LIBRARY = "libc++";
				CLANG_ENABLE_MODULES = YES;
				CLANG_ENABLE_OBJC_ARC = YES;
				CLANG_WARN_BOOL_CONVERSION = YES;
				CLANG_WARN_CONSTANT_CONVERSION = YES;
				CLANG_WARN_DIRECT_OBJC_ISA_USAGE = YES_ERROR;
				CLANG_WARN_EMPTY_BODY = YES;
				CLANG_WARN_ENUM_CONVERSION = YES;
				CLANG_WARN_INFINITE_RECURSION = YES;
				CLANG_WARN_INT_CONVERSION = YES;
				CLANG_WARN_OBJC_ROOT_CLASS = YES_ERROR;
				CLANG_WARN_SUSPICIOUS_MOVE = YES;
				CLANG_WARN_UNREACHABLE_CODE = YES;
				CLANG_WARN__DUPLICATE_METHOD_MATCH = YES;
				"CODE_SIGN_IDENTITY[sdk=iphoneos*]" = "iPhone Developer";
				COPY_PHASE_STRIP = NO;
				DEBUG_INFORMATION_FORMAT = dwarf;
				ENABLE_STRICT_OBJC_MSGSEND = YES;
				ENABLE_TESTABILITY = YES;
				GCC_C_LANGUAGE_STANDARD = gnu99;
				GCC_DYNAMIC_NO_PIC = NO;
				GCC_NO_COMMON_BLOCKS = YES;
				GCC_OPTIMIZATION_LEVEL = 0;
				GCC_PREPROCESSOR_DEFINITIONS = (
					"DEBUG=1",
					"$(inherited)",
				);
				GCC_WARN_64_TO_32_BIT_CONVERSION = YES;
				GCC_WARN_ABOUT_RETURN_TYPE = YES_ERROR;
				GCC_WARN_UNDECLARED_SELECTOR = YES;
				GCC_WARN_UNINITIALIZED_AUTOS = YES_AGGRESSIVE;
				GCC_WARN_UNUSED_FUNCTION = YES;
				GCC_WARN_UNUSED_VARIABLE = YES;
				IPHONEOS_DEPLOYMENT_TARGET = 9.3;
				MTL_ENABLE_DEBUG_INFO = YES;
				ONLY_ACTIVE_ARCH = YES;
				SDKROOT = iphoneos;
				SWIFT_OPTIMIZATION_LEVEL = "-Onone";
				TARGETED_DEVICE_FAMILY = "1,2";
			};
			name = Debug;
		};
		13280DB31D7DFD8300ACD62B /* Release */ = {
			isa = XCBuildConfiguration;
			buildSettings = {
				ALWAYS_SEARCH_USER_PATHS = NO;
				CLANG_ANALYZER_NONNULL = YES;
				CLANG_CXX_LANGUAGE_STANDARD = "gnu++0x";
				CLANG_CXX_LIBRARY = "libc++";
				CLANG_ENABLE_MODULES = YES;
				CLANG_ENABLE_OBJC_ARC = YES;
				CLANG_WARN_BOOL_CONVERSION = YES;
				CLANG_WARN_CONSTANT_CONVERSION = YES;
				CLANG_WARN_DIRECT_OBJC_ISA_USAGE = YES_ERROR;
				CLANG_WARN_EMPTY_BODY = YES;
				CLANG_WARN_ENUM_CONVERSION = YES;
				CLANG_WARN_INFINITE_RECURSION = YES;
				CLANG_WARN_INT_CONVERSION = YES;
				CLANG_WARN_OBJC_ROOT_CLASS = YES_ERROR;
				CLANG_WARN_SUSPICIOUS_MOVE = YES;
				CLANG_WARN_UNREACHABLE_CODE = YES;
				CLANG_WARN__DUPLICATE_METHOD_MATCH = YES;
				"CODE_SIGN_IDENTITY[sdk=iphoneos*]" = "iPhone Developer";
				COPY_PHASE_STRIP = NO;
				DEBUG_INFORMATION_FORMAT = "dwarf-with-dsym";
				ENABLE_NS_ASSERTIONS = NO;
				ENABLE_STRICT_OBJC_MSGSEND = YES;
				GCC_C_LANGUAGE_STANDARD = gnu99;
				GCC_NO_COMMON_BLOCKS = YES;
				GCC_WARN_64_TO_32_BIT_CONVERSION = YES;
				GCC_WARN_ABOUT_RETURN_TYPE = YES_ERROR;
				GCC_WARN_UNDECLARED_SELECTOR = YES;
				GCC_WARN_UNINITIALIZED_AUTOS = YES_AGGRESSIVE;
				GCC_WARN_UNUSED_FUNCTION = YES;
				GCC_WARN_UNUSED_VARIABLE = YES;
				IPHONEOS_DEPLOYMENT_TARGET = 9.3;
				MTL_ENABLE_DEBUG_INFO = NO;
				SDKROOT = iphoneos;
				SWIFT_OPTIMIZATION_LEVEL = "-Owholemodule";
				TARGETED_DEVICE_FAMILY = "1,2";
				VALIDATE_PRODUCT = YES;
			};
			name = Release;
		};
		13280DB51D7DFD8300ACD62B /* Debug */ = {
			isa = XCBuildConfiguration;
			buildSettings = {
				ASSETCATALOG_COMPILER_APPICON_NAME = AppIcon;
				DEVELOPMENT_TEAM = "";
				INFOPLIST_FILE = Demo/Info.plist;
				LD_RUNPATH_SEARCH_PATHS = "$(inherited) @executable_path/Frameworks";
				PRODUCT_BUNDLE_IDENTIFIER = de.jandamm.Demo;
				PRODUCT_NAME = "$(TARGET_NAME)";
				SWIFT_VERSION = 3.0;
			};
			name = Debug;
		};
		13280DB61D7DFD8300ACD62B /* Release */ = {
			isa = XCBuildConfiguration;
			buildSettings = {
				ASSETCATALOG_COMPILER_APPICON_NAME = AppIcon;
				DEVELOPMENT_TEAM = "";
				INFOPLIST_FILE = Demo/Info.plist;
				LD_RUNPATH_SEARCH_PATHS = "$(inherited) @executable_path/Frameworks";
				PRODUCT_BUNDLE_IDENTIFIER = de.jandamm.Demo;
				PRODUCT_NAME = "$(TARGET_NAME)";
				SWIFT_VERSION = 3.0;
			};
			name = Release;
		};
/* End XCBuildConfiguration section */

/* Begin XCConfigurationList section */
		13280D9D1D7DFD8300ACD62B /* Build configuration list for PBXProject "Demo" */ = {
			isa = XCConfigurationList;
			buildConfigurations = (
				13280DB21D7DFD8300ACD62B /* Debug */,
				13280DB31D7DFD8300ACD62B /* Release */,
			);
			defaultConfigurationIsVisible = 0;
			defaultConfigurationName = Release;
		};
		13280DB41D7DFD8300ACD62B /* Build configuration list for PBXNativeTarget "Demo" */ = {
			isa = XCConfigurationList;
			buildConfigurations = (
				13280DB51D7DFD8300ACD62B /* Debug */,
				13280DB61D7DFD8300ACD62B /* Release */,
			);
			defaultConfigurationIsVisible = 0;
			defaultConfigurationName = Release;
		};
/* End XCConfigurationList section */
	};
	rootObject = 13280D9A1D7DFD8300ACD62B /* Project object */;
}
